// !$*UTF8*$!
{
	archiveVersion = 1;
	classes = {
	};
	objectVersion = 55;
	objects = {

/* Begin PBXBuildFile section */
		580DF2F127BE395900C1CBF4 /* LazyNibLoader.swift in Sources */ = {isa = PBXBuildFile; fileRef = 580DF2F027BE395900C1CBF4 /* LazyNibLoader.swift */; };
		580DF2F427BE3BDB00C1CBF4 /* RoundLabelView.swift in Sources */ = {isa = PBXBuildFile; fileRef = 580DF2F327BE3BDB00C1CBF4 /* RoundLabelView.swift */; };
		580DF2F627BE3BF200C1CBF4 /* RoundLabelView.xib in Resources */ = {isa = PBXBuildFile; fileRef = 580DF2F527BE3BF200C1CBF4 /* RoundLabelView.xib */; };
		580DF2F827BE8C1400C1CBF4 /* SortArrayDataProvider.swift in Sources */ = {isa = PBXBuildFile; fileRef = 580DF2F727BE8C1400C1CBF4 /* SortArrayDataProvider.swift */; };
		5844BD3227BF8F28001788DA /* BoardViewController.swift in Sources */ = {isa = PBXBuildFile; fileRef = 5844BD3127BF8F28001788DA /* BoardViewController.swift */; };
		5844BD3427BF8F61001788DA /* MenuViewController.swift in Sources */ = {isa = PBXBuildFile; fileRef = 5844BD3327BF8F61001788DA /* MenuViewController.swift */; };
		58F13AC127C3A2CF001D068E /* SortViewModel.swift in Sources */ = {isa = PBXBuildFile; fileRef = 58F13AC027C3A2CE001D068E /* SortViewModel.swift */; };
		58F7CB1227BD08D800167097 /* AppDelegate.swift in Sources */ = {isa = PBXBuildFile; fileRef = 58F7CB1127BD08D800167097 /* AppDelegate.swift */; };
		58F7CB1427BD08D800167097 /* SceneDelegate.swift in Sources */ = {isa = PBXBuildFile; fileRef = 58F7CB1327BD08D800167097 /* SceneDelegate.swift */; };
		58F7CB1627BD08D800167097 /* SortViewController.swift in Sources */ = {isa = PBXBuildFile; fileRef = 58F7CB1527BD08D800167097 /* SortViewController.swift */; };
		58F7CB1927BD08D800167097 /* Main.storyboard in Resources */ = {isa = PBXBuildFile; fileRef = 58F7CB1727BD08D800167097 /* Main.storyboard */; };
		58F7CB1B27BD08DA00167097 /* Assets.xcassets in Resources */ = {isa = PBXBuildFile; fileRef = 58F7CB1A27BD08DA00167097 /* Assets.xcassets */; };
		58F7CB1E27BD08DA00167097 /* LaunchScreen.storyboard in Resources */ = {isa = PBXBuildFile; fileRef = 58F7CB1C27BD08DA00167097 /* LaunchScreen.storyboard */; };
		58F7CB2627BD09CE00167097 /* blackboard.jpg in Resources */ = {isa = PBXBuildFile; fileRef = 58F7CB2527BD09CE00167097 /* blackboard.jpg */; };
		58F7CB2827BD0B6800167097 /* brickWall.jpg in Resources */ = {isa = PBXBuildFile; fileRef = 58F7CB2727BD0B6800167097 /* brickWall.jpg */; };
		58F7CB2A27BD395400167097 /* blackboard2.jpeg in Resources */ = {isa = PBXBuildFile; fileRef = 58F7CB2927BD395300167097 /* blackboard2.jpeg */; };
/* End PBXBuildFile section */

/* Begin PBXFileReference section */
		580DF2F027BE395900C1CBF4 /* LazyNibLoader.swift */ = {isa = PBXFileReference; lastKnownFileType = sourcecode.swift; path = LazyNibLoader.swift; sourceTree = "<group>"; };
		580DF2F327BE3BDB00C1CBF4 /* RoundLabelView.swift */ = {isa = PBXFileReference; lastKnownFileType = sourcecode.swift; path = RoundLabelView.swift; sourceTree = "<group>"; };
		580DF2F527BE3BF200C1CBF4 /* RoundLabelView.xib */ = {isa = PBXFileReference; lastKnownFileType = file.xib; path = RoundLabelView.xib; sourceTree = "<group>"; };
		580DF2F727BE8C1400C1CBF4 /* SortArrayDataProvider.swift */ = {isa = PBXFileReference; lastKnownFileType = sourcecode.swift; path = SortArrayDataProvider.swift; sourceTree = "<group>"; };
		5844BD3127BF8F28001788DA /* BoardViewController.swift */ = {isa = PBXFileReference; lastKnownFileType = sourcecode.swift; path = BoardViewController.swift; sourceTree = "<group>"; };
		5844BD3327BF8F61001788DA /* MenuViewController.swift */ = {isa = PBXFileReference; lastKnownFileType = sourcecode.swift; path = MenuViewController.swift; sourceTree = "<group>"; };
		58F13AC027C3A2CE001D068E /* SortViewModel.swift */ = {isa = PBXFileReference; lastKnownFileType = sourcecode.swift; path = SortViewModel.swift; sourceTree = "<group>"; };
		58F7CB0E27BD08D800167097 /* JustFunMath.app */ = {isa = PBXFileReference; explicitFileType = wrapper.application; includeInIndex = 0; path = JustFunMath.app; sourceTree = BUILT_PRODUCTS_DIR; };
		58F7CB1127BD08D800167097 /* AppDelegate.swift */ = {isa = PBXFileReference; lastKnownFileType = sourcecode.swift; path = AppDelegate.swift; sourceTree = "<group>"; };
		58F7CB1327BD08D800167097 /* SceneDelegate.swift */ = {isa = PBXFileReference; lastKnownFileType = sourcecode.swift; path = SceneDelegate.swift; sourceTree = "<group>"; };
		58F7CB1527BD08D800167097 /* SortViewController.swift */ = {isa = PBXFileReference; lastKnownFileType = sourcecode.swift; path = SortViewController.swift; sourceTree = "<group>"; };
		58F7CB1827BD08D800167097 /* Base */ = {isa = PBXFileReference; lastKnownFileType = file.storyboard; name = Base; path = Base.lproj/Main.storyboard; sourceTree = "<group>"; };
		58F7CB1A27BD08DA00167097 /* Assets.xcassets */ = {isa = PBXFileReference; lastKnownFileType = folder.assetcatalog; path = Assets.xcassets; sourceTree = "<group>"; };
		58F7CB1D27BD08DA00167097 /* Base */ = {isa = PBXFileReference; lastKnownFileType = file.storyboard; name = Base; path = Base.lproj/LaunchScreen.storyboard; sourceTree = "<group>"; };
		58F7CB1F27BD08DA00167097 /* Info.plist */ = {isa = PBXFileReference; lastKnownFileType = text.plist.xml; path = Info.plist; sourceTree = "<group>"; };
		58F7CB2527BD09CE00167097 /* blackboard.jpg */ = {isa = PBXFileReference; lastKnownFileType = image.jpeg; path = blackboard.jpg; sourceTree = "<group>"; };
		58F7CB2727BD0B6800167097 /* brickWall.jpg */ = {isa = PBXFileReference; lastKnownFileType = image.jpeg; path = brickWall.jpg; sourceTree = "<group>"; };
		58F7CB2927BD395300167097 /* blackboard2.jpeg */ = {isa = PBXFileReference; lastKnownFileType = image.jpeg; path = blackboard2.jpeg; sourceTree = "<group>"; };
/* End PBXFileReference section */

/* Begin PBXFrameworksBuildPhase section */
		58F7CB0B27BD08D800167097 /* Frameworks */ = {
			isa = PBXFrameworksBuildPhase;
			buildActionMask = 2147483647;
			files = (
			);
			runOnlyForDeploymentPostprocessing = 0;
		};
/* End PBXFrameworksBuildPhase section */

/* Begin PBXGroup section */
		580DF2F227BE3B9700C1CBF4 /* Images */ = {
			isa = PBXGroup;
			children = (
				58F7CB1A27BD08DA00167097 /* Assets.xcassets */,
				58F7CB2527BD09CE00167097 /* blackboard.jpg */,
				58F7CB2927BD395300167097 /* blackboard2.jpeg */,
				58F7CB2727BD0B6800167097 /* brickWall.jpg */,
			);
			path = Images;
			sourceTree = "<group>";
		};
		58F7CB0527BD08D800167097 = {
			isa = PBXGroup;
			children = (
				58F7CB1027BD08D800167097 /* JustFunMath */,
				58F7CB0F27BD08D800167097 /* Products */,
			);
			sourceTree = "<group>";
		};
		58F7CB0F27BD08D800167097 /* Products */ = {
			isa = PBXGroup;
			children = (
				58F7CB0E27BD08D800167097 /* JustFunMath.app */,
			);
			name = Products;
			sourceTree = "<group>";
		};
		58F7CB1027BD08D800167097 /* JustFunMath */ = {
			isa = PBXGroup;
			children = (
				58F7CB1127BD08D800167097 /* AppDelegate.swift */,
				58F7CB1327BD08D800167097 /* SceneDelegate.swift */,
				580DF2F727BE8C1400C1CBF4 /* SortArrayDataProvider.swift */,
				58F13AC027C3A2CE001D068E /* SortViewModel.swift */,
				58F7CB1527BD08D800167097 /* SortViewController.swift */,
				5844BD3327BF8F61001788DA /* MenuViewController.swift */,
				5844BD3127BF8F28001788DA /* BoardViewController.swift */,
				580DF2F327BE3BDB00C1CBF4 /* RoundLabelView.swift */,
				580DF2F527BE3BF200C1CBF4 /* RoundLabelView.xib */,
				580DF2F027BE395900C1CBF4 /* LazyNibLoader.swift */,
				58F7CB1727BD08D800167097 /* Main.storyboard */,
				58F7CB1C27BD08DA00167097 /* LaunchScreen.storyboard */,
				580DF2F227BE3B9700C1CBF4 /* Images */,
				58F7CB1F27BD08DA00167097 /* Info.plist */,
			);
			path = JustFunMath;
			sourceTree = "<group>";
		};
/* End PBXGroup section */

/* Begin PBXNativeTarget section */
		58F7CB0D27BD08D800167097 /* JustFunMath */ = {
			isa = PBXNativeTarget;
			buildConfigurationList = 58F7CB2227BD08DA00167097 /* Build configuration list for PBXNativeTarget "JustFunMath" */;
			buildPhases = (
				58F7CB0A27BD08D800167097 /* Sources */,
				58F7CB0B27BD08D800167097 /* Frameworks */,
				58F7CB0C27BD08D800167097 /* Resources */,
			);
			buildRules = (
			);
			dependencies = (
			);
			name = JustFunMath;
			productName = JustFunMath;
			productReference = 58F7CB0E27BD08D800167097 /* JustFunMath.app */;
			productType = "com.apple.product-type.application";
		};
/* End PBXNativeTarget section */

/* Begin PBXProject section */
		58F7CB0627BD08D800167097 /* Project object */ = {
			isa = PBXProject;
			attributes = {
				BuildIndependentTargetsInParallel = 1;
				LastSwiftUpdateCheck = 1310;
				LastUpgradeCheck = 1310;
				TargetAttributes = {
					58F7CB0D27BD08D800167097 = {
						CreatedOnToolsVersion = 13.1;
					};
				};
			};
			buildConfigurationList = 58F7CB0927BD08D800167097 /* Build configuration list for PBXProject "JustFunMath" */;
			compatibilityVersion = "Xcode 13.0";
			developmentRegion = en;
			hasScannedForEncodings = 0;
			knownRegions = (
				en,
				Base,
			);
			mainGroup = 58F7CB0527BD08D800167097;
			productRefGroup = 58F7CB0F27BD08D800167097 /* Products */;
			projectDirPath = "";
			projectRoot = "";
			targets = (
				58F7CB0D27BD08D800167097 /* JustFunMath */,
			);
		};
/* End PBXProject section */

/* Begin PBXResourcesBuildPhase section */
		58F7CB0C27BD08D800167097 /* Resources */ = {
			isa = PBXResourcesBuildPhase;
			buildActionMask = 2147483647;
			files = (
				58F7CB2627BD09CE00167097 /* blackboard.jpg in Resources */,
				58F7CB1E27BD08DA00167097 /* LaunchScreen.storyboard in Resources */,
				58F7CB1B27BD08DA00167097 /* Assets.xcassets in Resources */,
				58F7CB2827BD0B6800167097 /* brickWall.jpg in Resources */,
				58F7CB1927BD08D800167097 /* Main.storyboard in Resources */,
				58F7CB2A27BD395400167097 /* blackboard2.jpeg in Resources */,
				580DF2F627BE3BF200C1CBF4 /* RoundLabelView.xib in Resources */,
			);
			runOnlyForDeploymentPostprocessing = 0;
		};
/* End PBXResourcesBuildPhase section */

/* Begin PBXSourcesBuildPhase section */
		58F7CB0A27BD08D800167097 /* Sources */ = {
			isa = PBXSourcesBuildPhase;
			buildActionMask = 2147483647;
			files = (
				5844BD3227BF8F28001788DA /* BoardViewController.swift in Sources */,
				58F7CB1627BD08D800167097 /* SortViewController.swift in Sources */,
				58F7CB1227BD08D800167097 /* AppDelegate.swift in Sources */,
				580DF2F127BE395900C1CBF4 /* LazyNibLoader.swift in Sources */,
				58F13AC127C3A2CF001D068E /* SortViewModel.swift in Sources */,
				58F7CB1427BD08D800167097 /* SceneDelegate.swift in Sources */,
				580DF2F827BE8C1400C1CBF4 /* SortArrayDataProvider.swift in Sources */,
				580DF2F427BE3BDB00C1CBF4 /* RoundLabelView.swift in Sources */,
				5844BD3427BF8F61001788DA /* MenuViewController.swift in Sources */,
			);
			runOnlyForDeploymentPostprocessing = 0;
		};
/* End PBXSourcesBuildPhase section */

/* Begin PBXVariantGroup section */
		58F7CB1727BD08D800167097 /* Main.storyboard */ = {
			isa = PBXVariantGroup;
			children = (
				58F7CB1827BD08D800167097 /* Base */,
			);
			name = Main.storyboard;
			sourceTree = "<group>";
		};
		58F7CB1C27BD08DA00167097 /* LaunchScreen.storyboard */ = {
			isa = PBXVariantGroup;
			children = (
				58F7CB1D27BD08DA00167097 /* Base */,
			);
			name = LaunchScreen.storyboard;
			sourceTree = "<group>";
		};
/* End PBXVariantGroup section */

/* Begin XCBuildConfiguration section */
		58F7CB2027BD08DA00167097 /* Debug */ = {
			isa = XCBuildConfiguration;
			buildSettings = {
				ALWAYS_SEARCH_USER_PATHS = NO;
				CLANG_ANALYZER_NONNULL = YES;
				CLANG_ANALYZER_NUMBER_OBJECT_CONVERSION = YES_AGGRESSIVE;
				CLANG_CXX_LANGUAGE_STANDARD = "gnu++17";
				CLANG_CXX_LIBRARY = "libc++";
				CLANG_ENABLE_MODULES = YES;
				CLANG_ENABLE_OBJC_ARC = YES;
				CLANG_ENABLE_OBJC_WEAK = YES;
				CLANG_WARN_BLOCK_CAPTURE_AUTORELEASING = YES;
				CLANG_WARN_BOOL_CONVERSION = YES;
				CLANG_WARN_COMMA = YES;
				CLANG_WARN_CONSTANT_CONVERSION = YES;
				CLANG_WARN_DEPRECATED_OBJC_IMPLEMENTATIONS = YES;
				CLANG_WARN_DIRECT_OBJC_ISA_USAGE = YES_ERROR;
				CLANG_WARN_DOCUMENTATION_COMMENTS = YES;
				CLANG_WARN_EMPTY_BODY = YES;
				CLANG_WARN_ENUM_CONVERSION = YES;
				CLANG_WARN_INFINITE_RECURSION = YES;
				CLANG_WARN_INT_CONVERSION = YES;
				CLANG_WARN_NON_LITERAL_NULL_CONVERSION = YES;
				CLANG_WARN_OBJC_IMPLICIT_RETAIN_SELF = YES;
				CLANG_WARN_OBJC_LITERAL_CONVERSION = YES;
				CLANG_WARN_OBJC_ROOT_CLASS = YES_ERROR;
				CLANG_WARN_QUOTED_INCLUDE_IN_FRAMEWORK_HEADER = YES;
				CLANG_WARN_RANGE_LOOP_ANALYSIS = YES;
				CLANG_WARN_STRICT_PROTOTYPES = YES;
				CLANG_WARN_SUSPICIOUS_MOVE = YES;
				CLANG_WARN_UNGUARDED_AVAILABILITY = YES_AGGRESSIVE;
				CLANG_WARN_UNREACHABLE_CODE = YES;
				CLANG_WARN__DUPLICATE_METHOD_MATCH = YES;
				COPY_PHASE_STRIP = NO;
				DEBUG_INFORMATION_FORMAT = dwarf;
				ENABLE_STRICT_OBJC_MSGSEND = YES;
				ENABLE_TESTABILITY = YES;
				GCC_C_LANGUAGE_STANDARD = gnu11;
				GCC_DYNAMIC_NO_PIC = NO;
				GCC_NO_COMMON_BLOCKS = YES;
				GCC_OPTIMIZATION_LEVEL = 0;
				GCC_PREPROCESSOR_DEFINITIONS = (
					"DEBUG=1",
					"$(inherited)",
				);
				GCC_WARN_64_TO_32_BIT_CONVERSION = YES;
				GCC_WARN_ABOUT_RETURN_TYPE = YES_ERROR;
				GCC_WARN_UNDECLARED_SELECTOR = YES;
				GCC_WARN_UNINITIALIZED_AUTOS = YES_AGGRESSIVE;
				GCC_WARN_UNUSED_FUNCTION = YES;
				GCC_WARN_UNUSED_VARIABLE = YES;
				IPHONEOS_DEPLOYMENT_TARGET = 15.0;
				MTL_ENABLE_DEBUG_INFO = INCLUDE_SOURCE;
				MTL_FAST_MATH = YES;
				ONLY_ACTIVE_ARCH = YES;
				SDKROOT = iphoneos;
				SWIFT_ACTIVE_COMPILATION_CONDITIONS = DEBUG;
				SWIFT_OPTIMIZATION_LEVEL = "-Onone";
			};
			name = Debug;
		};
		58F7CB2127BD08DA00167097 /* Release */ = {
			isa = XCBuildConfiguration;
			buildSettings = {
				ALWAYS_SEARCH_USER_PATHS = NO;
				CLANG_ANALYZER_NONNULL = YES;
				CLANG_ANALYZER_NUMBER_OBJECT_CONVERSION = YES_AGGRESSIVE;
				CLANG_CXX_LANGUAGE_STANDARD = "gnu++17";
				CLANG_CXX_LIBRARY = "libc++";
				CLANG_ENABLE_MODULES = YES;
				CLANG_ENABLE_OBJC_ARC = YES;
				CLANG_ENABLE_OBJC_WEAK = YES;
				CLANG_WARN_BLOCK_CAPTURE_AUTORELEASING = YES;
				CLANG_WARN_BOOL_CONVERSION = YES;
				CLANG_WARN_COMMA = YES;
				CLANG_WARN_CONSTANT_CONVERSION = YES;
				CLANG_WARN_DEPRECATED_OBJC_IMPLEMENTATIONS = YES;
				CLANG_WARN_DIRECT_OBJC_ISA_USAGE = YES_ERROR;
				CLANG_WARN_DOCUMENTATION_COMMENTS = YES;
				CLANG_WARN_EMPTY_BODY = YES;
				CLANG_WARN_ENUM_CONVERSION = YES;
				CLANG_WARN_INFINITE_RECURSION = YES;
				CLANG_WARN_INT_CONVERSION = YES;
				CLANG_WARN_NON_LITERAL_NULL_CONVERSION = YES;
				CLANG_WARN_OBJC_IMPLICIT_RETAIN_SELF = YES;
				CLANG_WARN_OBJC_LITERAL_CONVERSION = YES;
				CLANG_WARN_OBJC_ROOT_CLASS = YES_ERROR;
				CLANG_WARN_QUOTED_INCLUDE_IN_FRAMEWORK_HEADER = YES;
				CLANG_WARN_RANGE_LOOP_ANALYSIS = YES;
				CLANG_WARN_STRICT_PROTOTYPES = YES;
				CLANG_WARN_SUSPICIOUS_MOVE = YES;
				CLANG_WARN_UNGUARDED_AVAILABILITY = YES_AGGRESSIVE;
				CLANG_WARN_UNREACHABLE_CODE = YES;
				CLANG_WARN__DUPLICATE_METHOD_MATCH = YES;
				COPY_PHASE_STRIP = NO;
				DEBUG_INFORMATION_FORMAT = "dwarf-with-dsym";
				ENABLE_NS_ASSERTIONS = NO;
				ENABLE_STRICT_OBJC_MSGSEND = YES;
				GCC_C_LANGUAGE_STANDARD = gnu11;
				GCC_NO_COMMON_BLOCKS = YES;
				GCC_WARN_64_TO_32_BIT_CONVERSION = YES;
				GCC_WARN_ABOUT_RETURN_TYPE = YES_ERROR;
				GCC_WARN_UNDECLARED_SELECTOR = YES;
				GCC_WARN_UNINITIALIZED_AUTOS = YES_AGGRESSIVE;
				GCC_WARN_UNUSED_FUNCTION = YES;
				GCC_WARN_UNUSED_VARIABLE = YES;
				IPHONEOS_DEPLOYMENT_TARGET = 15.0;
				MTL_ENABLE_DEBUG_INFO = NO;
				MTL_FAST_MATH = YES;
				SDKROOT = iphoneos;
				SWIFT_COMPILATION_MODE = wholemodule;
				SWIFT_OPTIMIZATION_LEVEL = "-O";
				VALIDATE_PRODUCT = YES;
			};
			name = Release;
		};
		58F7CB2327BD08DA00167097 /* Debug */ = {
			isa = XCBuildConfiguration;
			buildSettings = {
				ASSETCATALOG_COMPILER_APPICON_NAME = AppIcon;
				ASSETCATALOG_COMPILER_GLOBAL_ACCENT_COLOR_NAME = AccentColor;
				CODE_SIGN_STYLE = Automatic;
				CURRENT_PROJECT_VERSION = 1;
				DEVELOPMENT_TEAM = 2GZK3GQWD5;
				GENERATE_INFOPLIST_FILE = YES;
				INFOPLIST_FILE = JustFunMath/Info.plist;
				INFOPLIST_KEY_UIApplicationSupportsIndirectInputEvents = YES;
				INFOPLIST_KEY_UILaunchStoryboardName = LaunchScreen;
				INFOPLIST_KEY_UIMainStoryboardFile = Main;
				INFOPLIST_KEY_UISupportedInterfaceOrientations = "UIInterfaceOrientationLandscapeLeft UIInterfaceOrientationLandscapeRight";
				INFOPLIST_KEY_UISupportedInterfaceOrientations_iPad = "UIInterfaceOrientationLandscapeLeft UIInterfaceOrientationLandscapeRight";
				INFOPLIST_KEY_UISupportedInterfaceOrientations_iPhone = "UIInterfaceOrientationLandscapeLeft UIInterfaceOrientationLandscapeRight";
				LD_RUNPATH_SEARCH_PATHS = (
					"$(inherited)",
					"@executable_path/Frameworks",
				);
				MARKETING_VERSION = 1.0;
				PRODUCT_BUNDLE_IDENTIFIER = com.alarm.Alarm;
				PRODUCT_NAME = "$(TARGET_NAME)";
				SWIFT_EMIT_LOC_STRINGS = YES;
				SWIFT_VERSION = 5.0;
				TARGETED_DEVICE_FAMILY = "1,2";
			};
			name = Debug;
		};
		58F7CB2427BD08DA00167097 /* Release */ = {
			isa = XCBuildConfiguration;
			buildSettings = {
				ASSETCATALOG_COMPILER_APPICON_NAME = AppIcon;
				ASSETCATALOG_COMPILER_GLOBAL_ACCENT_COLOR_NAME = AccentColor;
				CODE_SIGN_STYLE = Automatic;
				CURRENT_PROJECT_VERSION = 1;
				DEVELOPMENT_TEAM = 2GZK3GQWD5;
				GENERATE_INFOPLIST_FILE = YES;
				INFOPLIST_FILE = JustFunMath/Info.plist;
				INFOPLIST_KEY_UIApplicationSupportsIndirectInputEvents = YES;
				INFOPLIST_KEY_UILaunchStoryboardName = LaunchScreen;
				INFOPLIST_KEY_UIMainStoryboardFile = Main;
				INFOPLIST_KEY_UISupportedInterfaceOrientations = "UIInterfaceOrientationLandscapeLeft UIInterfaceOrientationLandscapeRight";
				INFOPLIST_KEY_UISupportedInterfaceOrientations_iPad = "UIInterfaceOrientationLandscapeLeft UIInterfaceOrientationLandscapeRight";
				INFOPLIST_KEY_UISupportedInterfaceOrientations_iPhone = "UIInterfaceOrientationLandscapeLeft UIInterfaceOrientationLandscapeRight";
				LD_RUNPATH_SEARCH_PATHS = (
					"$(inherited)",
					"@executable_path/Frameworks",
				);
				MARKETING_VERSION = 1.0;
				PRODUCT_BUNDLE_IDENTIFIER = com.alarm.Alarm;
				PRODUCT_NAME = "$(TARGET_NAME)";
				SWIFT_EMIT_LOC_STRINGS = YES;
				SWIFT_VERSION = 5.0;
				TARGETED_DEVICE_FAMILY = "1,2";
			};
			name = Release;
		};
/* End XCBuildConfiguration section */

/* Begin XCConfigurationList section */
		58F7CB0927BD08D800167097 /* Build configuration list for PBXProject "JustFunMath" */ = {
			isa = XCConfigurationList;
			buildConfigurations = (
				58F7CB2027BD08DA00167097 /* Debug */,
				58F7CB2127BD08DA00167097 /* Release */,
			);
			defaultConfigurationIsVisible = 0;
			defaultConfigurationName = Release;
		};
		58F7CB2227BD08DA00167097 /* Build configuration list for PBXNativeTarget "JustFunMath" */ = {
			isa = XCConfigurationList;
			buildConfigurations = (
				58F7CB2327BD08DA00167097 /* Debug */,
				58F7CB2427BD08DA00167097 /* Release */,
			);
			defaultConfigurationIsVisible = 0;
			defaultConfigurationName = Release;
		};
/* End XCConfigurationList section */
	};
	rootObject = 58F7CB0627BD08D800167097 /* Project object */;
}
